
Microsoft Visual Studio Solution File, Format Version 12.00
# Visual Studio Version 17
VisualStudioVersion = 17.2.32526.322
MinimumVisualStudioVersion = 10.0.40219.1
Project("{FAE04EC0-301F-11D3-BF4B-00C04F79EFBC}") = "MEDIAP", "MEDIAP\MEDIAP.csproj", "{DFA0CE90-4788-4547-8B03-3CDE9B9BB5E8}"
EndProject
Global
	GlobalSection(SolutionConfigurationPlatforms) = preSolution
		Debug|Any CPU = Debug|Any CPU
		Release|Any CPU = Release|Any CPU
	EndGlobalSection
	GlobalSection(ProjectConfigurationPlatforms) = postSolution
		{DFA0CE90-4788-4547-8B03-3CDE9B9BB5E8}.Debug|Any CPU.ActiveCfg = Debug|Any CPU
		{DFA0CE90-4788-4547-8B03-3CDE9B9BB5E8}.Debug|Any CPU.Build.0 = Debug|Any CPU
		{DFA0CE90-4788-4547-8B03-3CDE9B9BB5E8}.Release|Any CPU.ActiveCfg = Release|Any CPU
		{DFA0CE90-4788-4547-8B03-3CDE9B9BB5E8}.Release|Any CPU.Build.0 = Release|Any CPU
	EndGlobalSection
	GlobalSection(SolutionProperties) = preSolution
		HideSolutionNode = FALSE
	EndGlobalSection
	GlobalSection(ExtensibilityGlobals) = postSolution
		SolutionGuid = {FE2DB033-F87C-4E9D-A381-E9DC6CD7EC26}
	EndGlobalSection
EndGlobal
